
Microsoft Visual Studio Solution File, Format Version 12.00
# Visual Studio Version 17
VisualStudioVersion = 17.2.32519.379
MinimumVisualStudioVersion = 10.0.40219.1
Project("{FAE04EC0-301F-11D3-BF4B-00C04F79EFBC}") = "WebAppCadastro", "WebAppCadastro\WebAppCadastro.csproj", "{B7BE2296-8C82-49FE-A49F-F507BB993296}"
EndProject
Global
	GlobalSection(SolutionConfigurationPlatforms) = preSolution
		Debug|Any CPU = Debug|Any CPU
		Release|Any CPU = Release|Any CPU
	EndGlobalSection
	GlobalSection(ProjectConfigurationPlatforms) = postSolution
		{B7BE2296-8C82-49FE-A49F-F507BB993296}.Debug|Any CPU.ActiveCfg = Debug|Any CPU
		{B7BE2296-8C82-49FE-A49F-F507BB993296}.Debug|Any CPU.Build.0 = Debug|Any CPU
		{B7BE2296-8C82-49FE-A49F-F507BB993296}.Release|Any CPU.ActiveCfg = Release|Any CPU
		{B7BE2296-8C82-49FE-A49F-F507BB993296}.Release|Any CPU.Build.0 = Release|Any CPU
	EndGlobalSection
	GlobalSection(SolutionProperties) = preSolution
		HideSolutionNode = FALSE
	EndGlobalSection
	GlobalSection(ExtensibilityGlobals) = postSolution
		SolutionGuid = {5376AF63-3FD4-426D-92BD-AB52AE7A5564}
	EndGlobalSection
EndGlobal
